
Microsoft Visual Studio Solution File, Format Version 12.00
# Visual Studio Version 17
VisualStudioVersion = 17.0.31903.59
MinimumVisualStudioVersion = 10.0.40219.1
Project("{FAE04EC0-301F-11D3-BF4B-00C04F79EFBC}") = "TaskStream.Shared.Protos", "src\Shared\TaskStream.Shared.Protos\TaskStream.Shared.Protos.csproj", "{51BF2530-4299-41A9-907C-2BBF626C6035}"
EndProject
Project("{FAE04EC0-301F-11D3-BF4B-00C04F79EFBC}") = "TaskStream.ApiGateway", "src\Gateways\TaskStream.ApiGateway\TaskStream.ApiGateway.csproj", "{9CF5B214-222B-42D9-8904-202AA7E44968}"
EndProject
Project("{FAE04EC0-301F-11D3-BF4B-00C04F79EFBC}") = "TaskStream.Auth.Domain", "src\Services\Auth\TaskStream.Auth.Domain\TaskStream.Auth.Domain.csproj", "{7E513966-5BA2-1E0A-C425-22A6B6772C0E}"
EndProject
Project("{FAE04EC0-301F-11D3-BF4B-00C04F79EFBC}") = "TaskStream.Auth.Application", "src\Services\Auth\TaskStream.Auth.Application\TaskStream.Auth.Application.csproj", "{650968B8-07FE-2482-8BE1-AD654017280E}"
EndProject
Project("{FAE04EC0-301F-11D3-BF4B-00C04F79EFBC}") = "TaskStream.Auth.Infrastructure", "src\Services\Auth\TaskStream.Auth.Infrastructure\TaskStream.Auth.Infrastructure.csproj", "{8AD7F0E7-07AE-78F6-1154-7D66E0FE1504}"
EndProject
Project("{FAE04EC0-301F-11D3-BF4B-00C04F79EFBC}") = "TaskStream.Auth.API", "src\Services\Auth\TaskStream.Auth.API\TaskStream.Auth.API.csproj", "{8A030E61-8FAC-08D6-D224-B7C81ED32F98}"
EndProject
Project("{FAE04EC0-301F-11D3-BF4B-00C04F79EFBC}") = "TaskStream.Tasks.Domain", "src\Services\Tasks\TaskStream.Tasks.Domain\TaskStream.Tasks.Domain.csproj", "{B2745C19-BAA6-4FBB-9A79-E568F0F38740}"
EndProject
Project("{FAE04EC0-301F-11D3-BF4B-00C04F79EFBC}") = "TaskStream.Tasks.Application", "src\Services\Tasks\TaskStream.Tasks.Application\TaskStream.Tasks.Application.csproj", "{FA1071D0-DFD8-49DE-885C-0090A490A790}"
EndProject
Project("{FAE04EC0-301F-11D3-BF4B-00C04F79EFBC}") = "TaskStream.Tasks.Infrastructure", "src\Services\Tasks\TaskStream.Tasks.Infrastructure\TaskStream.Tasks.Infrastructure.csproj", "{5986B047-82D2-41DA-A48D-2DC9D0ABBA6F}"
EndProject
Project("{FAE04EC0-301F-11D3-BF4B-00C04F79EFBC}") = "TaskStream.Tasks.API", "src\Services\Tasks\TaskStream.Tasks.API\TaskStream.Tasks.API.csproj", "{94325B25-0389-4430-9270-7246F5EF9FF4}"
EndProject
Project("{FAE04EC0-301F-11D3-BF4B-00C04F79EFBC}") = "TaskStream.Shared.Messaging", "src\Shared\TaskStream.Shared.Messaging\TaskStream.Shared.Messaging.csproj", "{4C171CDA-9A0D-4F8F-AACD-530554DF056A}"
EndProject
Project("{FAE04EC0-301F-11D3-BF4B-00C04F79EFBC}") = "TaskStream.Logging.Worker", "src\BackgroundJobs\Logging\TaskStream.Logging.Worker\TaskStream.Logging.Worker.csproj", "{F79BFD48-AB46-494F-ABC6-CF80E3477A25}"
EndProject
Global
	GlobalSection(SolutionConfigurationPlatforms) = preSolution
		Debug|Any CPU = Debug|Any CPU
		Release|Any CPU = Release|Any CPU
	EndGlobalSection
	GlobalSection(ProjectConfigurationPlatforms) = postSolution
		{51BF2530-4299-41A9-907C-2BBF626C6035}.Debug|Any CPU.ActiveCfg = Debug|Any CPU
		{51BF2530-4299-41A9-907C-2BBF626C6035}.Debug|Any CPU.Build.0 = Debug|Any CPU
		{51BF2530-4299-41A9-907C-2BBF626C6035}.Release|Any CPU.ActiveCfg = Release|Any CPU
		{51BF2530-4299-41A9-907C-2BBF626C6035}.Release|Any CPU.Build.0 = Release|Any CPU
		{9CF5B214-222B-42D9-8904-202AA7E44968}.Debug|Any CPU.ActiveCfg = Debug|Any CPU
		{9CF5B214-222B-42D9-8904-202AA7E44968}.Debug|Any CPU.Build.0 = Debug|Any CPU
		{9CF5B214-222B-42D9-8904-202AA7E44968}.Release|Any CPU.ActiveCfg = Release|Any CPU
		{9CF5B214-222B-42D9-8904-202AA7E44968}.Release|Any CPU.Build.0 = Release|Any CPU
		{7E513966-5BA2-1E0A-C425-22A6B6772C0E}.Debug|Any CPU.ActiveCfg = Debug|Any CPU
		{7E513966-5BA2-1E0A-C425-22A6B6772C0E}.Debug|Any CPU.Build.0 = Debug|Any CPU
		{7E513966-5BA2-1E0A-C425-22A6B6772C0E}.Release|Any CPU.ActiveCfg = Release|Any CPU
		{7E513966-5BA2-1E0A-C425-22A6B6772C0E}.Release|Any CPU.Build.0 = Release|Any CPU
		{650968B8-07FE-2482-8BE1-AD654017280E}.Debug|Any CPU.ActiveCfg = Debug|Any CPU
		{650968B8-07FE-2482-8BE1-AD654017280E}.Debug|Any CPU.Build.0 = Debug|Any CPU
		{650968B8-07FE-2482-8BE1-AD654017280E}.Release|Any CPU.ActiveCfg = Release|Any CPU
		{650968B8-07FE-2482-8BE1-AD654017280E}.Release|Any CPU.Build.0 = Release|Any CPU
		{8AD7F0E7-07AE-78F6-1154-7D66E0FE1504}.Debug|Any CPU.ActiveCfg = Debug|Any CPU
		{8AD7F0E7-07AE-78F6-1154-7D66E0FE1504}.Debug|Any CPU.Build.0 = Debug|Any CPU
		{8AD7F0E7-07AE-78F6-1154-7D66E0FE1504}.Release|Any CPU.ActiveCfg = Release|Any CPU
		{8AD7F0E7-07AE-78F6-1154-7D66E0FE1504}.Release|Any CPU.Build.0 = Release|Any CPU
		{8A030E61-8FAC-08D6-D224-B7C81ED32F98}.Debug|Any CPU.ActiveCfg = Debug|Any CPU
		{8A030E61-8FAC-08D6-D224-B7C81ED32F98}.Debug|Any CPU.Build.0 = Debug|Any CPU
		{8A030E61-8FAC-08D6-D224-B7C81ED32F98}.Release|Any CPU.ActiveCfg = Release|Any CPU
		{8A030E61-8FAC-08D6-D224-B7C81ED32F98}.Release|Any CPU.Build.0 = Release|Any CPU
		{B2745C19-BAA6-4FBB-9A79-E568F0F38740}.Debug|Any CPU.ActiveCfg = Debug|Any CPU
		{B2745C19-BAA6-4FBB-9A79-E568F0F38740}.Debug|Any CPU.Build.0 = Debug|Any CPU
		{B2745C19-BAA6-4FBB-9A79-E568F0F38740}.Release|Any CPU.ActiveCfg = Release|Any CPU
		{B2745C19-BAA6-4FBB-9A79-E568F0F38740}.Release|Any CPU.Build.0 = Release|Any CPU
		{FA1071D0-DFD8-49DE-885C-0090A490A790}.Debug|Any CPU.ActiveCfg = Debug|Any CPU
		{FA1071D0-DFD8-49DE-885C-0090A490A790}.Debug|Any CPU.Build.0 = Debug|Any CPU
		{FA1071D0-DFD8-49DE-885C-0090A490A790}.Release|Any CPU.ActiveCfg = Release|Any CPU
		{FA1071D0-DFD8-49DE-885C-0090A490A790}.Release|Any CPU.Build.0 = Release|Any CPU
		{5986B047-82D2-41DA-A48D-2DC9D0ABBA6F}.Debug|Any CPU.ActiveCfg = Debug|Any CPU
		{5986B047-82D2-41DA-A48D-2DC9D0ABBA6F}.Debug|Any CPU.Build.0 = Debug|Any CPU
		{5986B047-82D2-41DA-A48D-2DC9D0ABBA6F}.Release|Any CPU.ActiveCfg = Release|Any CPU
		{5986B047-82D2-41DA-A48D-2DC9D0ABBA6F}.Release|Any CPU.Build.0 = Release|Any CPU
		{94325B25-0389-4430-9270-7246F5EF9FF4}.Debug|Any CPU.ActiveCfg = Debug|Any CPU
		{94325B25-0389-4430-9270-7246F5EF9FF4}.Debug|Any CPU.Build.0 = Debug|Any CPU
		{94325B25-0389-4430-9270-7246F5EF9FF4}.Release|Any CPU.ActiveCfg = Release|Any CPU
		{94325B25-0389-4430-9270-7246F5EF9FF4}.Release|Any CPU.Build.0 = Release|Any CPU
		{4C171CDA-9A0D-4F8F-AACD-530554DF056A}.Debug|Any CPU.ActiveCfg = Debug|Any CPU
		{4C171CDA-9A0D-4F8F-AACD-530554DF056A}.Debug|Any CPU.Build.0 = Debug|Any CPU
		{4C171CDA-9A0D-4F8F-AACD-530554DF056A}.Release|Any CPU.ActiveCfg = Release|Any CPU
		{4C171CDA-9A0D-4F8F-AACD-530554DF056A}.Release|Any CPU.Build.0 = Release|Any CPU
		{F79BFD48-AB46-494F-ABC6-CF80E3477A25}.Debug|Any CPU.ActiveCfg = Debug|Any CPU
		{F79BFD48-AB46-494F-ABC6-CF80E3477A25}.Debug|Any CPU.Build.0 = Debug|Any CPU
		{F79BFD48-AB46-494F-ABC6-CF80E3477A25}.Release|Any CPU.ActiveCfg = Release|Any CPU
		{F79BFD48-AB46-494F-ABC6-CF80E3477A25}.Release|Any CPU.Build.0 = Release|Any CPU
	EndGlobalSection
	GlobalSection(SolutionProperties) = preSolution
		HideSolutionNode = FALSE
	EndGlobalSection
	GlobalSection(ExtensibilityGlobals) = postSolution
		SolutionGuid = {F2D1ECC1-186E-4B84-AB7C-E690DD655248}
	EndGlobalSection
EndGlobal
