
Microsoft Visual Studio Solution File, Format Version 12.00
# Visual Studio Version 17
VisualStudioVersion = 17.0.31903.59
MinimumVisualStudioVersion = 10.0.40219.1
Project("{FAE04EC0-301F-11D3-BF4B-00C04F79EFBC}") = "TaskStream.Users.API", "src\Services\Users\TaskStream.Users.API\TaskStream.Users.API.csproj", "{CD3235AF-82C9-4E1B-B159-8B287437F499}"
EndProject
Project("{FAE04EC0-301F-11D3-BF4B-00C04F79EFBC}") = "TaskStream.Users.Application", "src\Services\Users\TaskStream.Users.Application\TaskStream.Users.Application.csproj", "{3967BCAE-2410-4687-B1FA-F1FFBCCB6491}"
EndProject
Project("{FAE04EC0-301F-11D3-BF4B-00C04F79EFBC}") = "TaskStream.Users.Domain", "src\Services\Users\TaskStream.Users.Domain\TaskStream.Users.Domain.csproj", "{E265E222-009D-40EA-8D9E-54F40AA89726}"
EndProject
Project("{FAE04EC0-301F-11D3-BF4B-00C04F79EFBC}") = "TaskStream.Users.Infrastructure", "src\Services\Users\TaskStream.Users.Infrastructure\TaskStream.Users.Infrastructure.csproj", "{EA016DA3-066F-462B-85A0-578E40CA288F}"
EndProject
Global
	GlobalSection(SolutionConfigurationPlatforms) = preSolution
		Debug|Any CPU = Debug|Any CPU
		Release|Any CPU = Release|Any CPU
	EndGlobalSection
	GlobalSection(ProjectConfigurationPlatforms) = postSolution
		{CD3235AF-82C9-4E1B-B159-8B287437F499}.Debug|Any CPU.ActiveCfg = Debug|Any CPU
		{CD3235AF-82C9-4E1B-B159-8B287437F499}.Debug|Any CPU.Build.0 = Debug|Any CPU
		{CD3235AF-82C9-4E1B-B159-8B287437F499}.Release|Any CPU.ActiveCfg = Release|Any CPU
		{CD3235AF-82C9-4E1B-B159-8B287437F499}.Release|Any CPU.Build.0 = Release|Any CPU
		{3967BCAE-2410-4687-B1FA-F1FFBCCB6491}.Debug|Any CPU.ActiveCfg = Debug|Any CPU
		{3967BCAE-2410-4687-B1FA-F1FFBCCB6491}.Debug|Any CPU.Build.0 = Debug|Any CPU
		{3967BCAE-2410-4687-B1FA-F1FFBCCB6491}.Release|Any CPU.ActiveCfg = Release|Any CPU
		{3967BCAE-2410-4687-B1FA-F1FFBCCB6491}.Release|Any CPU.Build.0 = Release|Any CPU
		{E265E222-009D-40EA-8D9E-54F40AA89726}.Debug|Any CPU.ActiveCfg = Debug|Any CPU
		{E265E222-009D-40EA-8D9E-54F40AA89726}.Debug|Any CPU.Build.0 = Debug|Any CPU
		{E265E222-009D-40EA-8D9E-54F40AA89726}.Release|Any CPU.ActiveCfg = Release|Any CPU
		{E265E222-009D-40EA-8D9E-54F40AA89726}.Release|Any CPU.Build.0 = Release|Any CPU
		{EA016DA3-066F-462B-85A0-578E40CA288F}.Debug|Any CPU.ActiveCfg = Debug|Any CPU
		{EA016DA3-066F-462B-85A0-578E40CA288F}.Debug|Any CPU.Build.0 = Debug|Any CPU
		{EA016DA3-066F-462B-85A0-578E40CA288F}.Release|Any CPU.ActiveCfg = Release|Any CPU
		{EA016DA3-066F-462B-85A0-578E40CA288F}.Release|Any CPU.Build.0 = Release|Any CPU
	EndGlobalSection
	GlobalSection(SolutionProperties) = preSolution
		HideSolutionNode = FALSE
	EndGlobalSection
	GlobalSection(ExtensibilityGlobals) = postSolution
		SolutionGuid = {F2D1ECC1-186E-4B84-AB7C-E690DD655248}
	EndGlobalSection
EndGlobal
